// !$*UTF8*$!
{
	archiveVersion = 1;
	classes = {
	};
	objectVersion = 56;
	objects = {

/* Begin PBXBuildFile section */
		605DCC53358E44AE93209AEF /* main.swift in Sources */ = {isa = PBXBuildFile; fileRef = 62AB35B9E3654C108EB9F9A4 /* main.swift */; };
		941BF80D3C9D4A2985E442B3 /* AppDelegate.swift in Sources */ = {isa = PBXBuildFile; fileRef = 0033485A689B43BEAD3F0DCB /* AppDelegate.swift */; };
		A1C3D5E7F0924B6882D1E3A9 /* PermissionGateway.swift in Sources */ = {isa = PBXBuildFile; fileRef = B2D4F6A8C1034E7993E2F5B0 /* PermissionGateway.swift */; };
		224DB5C4950C443393142251 /* ScreenCaptureKit.framework in Frameworks */ = {isa = PBXBuildFile; fileRef = E9238B5ED5D74689B7689E94 /* ScreenCaptureKit.framework */; settings = {ATTRIBUTES = (Weak, ); }; };
		22C60DA4868D453893897A16 /* CoreVideo.framework in Frameworks */ = {isa = PBXBuildFile; fileRef = 8BA7F61C63084BB18FEE0123 /* CoreVideo.framework */; };
		B5A0F1E0A9F6468E975BE8E6 /* CoreMedia.framework in Frameworks */ = {isa = PBXBuildFile; fileRef = B1B35FBB24464775A7C8F2D6 /* CoreMedia.framework */; };
		F9DF0D1E5FC64416B66C2935 /* Metal.framework in Frameworks */ = {isa = PBXBuildFile; fileRef = 67B9D9A5541F425BB2C8058B /* Metal.framework */; };
		A1B2C3D4E5F6A7B8C9D0E1F2 /* TexturePool.swift in Sources */ = {isa = PBXBuildFile; fileRef = B2C3D4E5F6A7B8C9D0E1F2A3 /* TexturePool.swift */; };
		D4E5F6A7B8C9D0E1F2A3B4C5 /* CaptureManager.swift in Sources */ = {isa = PBXBuildFile; fileRef = E5F6A7B8C9D0E1F2A3B4C5D6 /* CaptureManager.swift */; };
		F1A2B3C4D5E6F7A8B9C0D1E2 /* WindowPicker.swift in Sources */ = {isa = PBXBuildFile; fileRef = C2D3E4F5A6B7C8D9E0F1A2B3 /* WindowPicker.swift */; };
/* End PBXBuildFile section */

/* Begin PBXFileReference section */
		62AB35B9E3654C108EB9F9A4 /* main.swift */ = {isa = PBXFileReference; lastKnownFileType = sourcecode.swift; path = main.swift; sourceTree = "<group>"; };
		0033485A689B43BEAD3F0DCB /* AppDelegate.swift */ = {isa = PBXFileReference; lastKnownFileType = sourcecode.swift; path = AppDelegate.swift; sourceTree = "<group>"; };
		B2C3D4E5F6A7B8C9D0E1F2A3 /* TexturePool.swift */ = {isa = PBXFileReference; lastKnownFileType = sourcecode.swift; path = TexturePool.swift; sourceTree = "<group>"; };
		E5F6A7B8C9D0E1F2A3B4C5D6 /* CaptureManager.swift */ = {isa = PBXFileReference; lastKnownFileType = sourcecode.swift; path = CaptureManager.swift; sourceTree = "<group>"; };
		C2D3E4F5A6B7C8D9E0F1A2B3 /* WindowPicker.swift */ = {isa = PBXFileReference; lastKnownFileType = sourcecode.swift; path = WindowPicker.swift; sourceTree = "<group>"; };
		B2D4F6A8C1034E7993E2F5B0 /* PermissionGateway.swift */ = {isa = PBXFileReference; lastKnownFileType = sourcecode.swift; path = PermissionGateway.swift; sourceTree = "<group>"; };
		F5E59AB5CD814A3CAE15A4DF /* Info.plist */ = {isa = PBXFileReference; lastKnownFileType = text.plist.xml; path = Info.plist; sourceTree = "<group>"; };
		96F2C37A3BBC4B8797F5E1A7 /* SixDOF.app */ = {isa = PBXFileReference; explicitFileType = wrapper.application; includeInIndex = 0; path = SixDOF.app; sourceTree = BUILT_PRODUCTS_DIR; };
		E9238B5ED5D74689B7689E94 /* ScreenCaptureKit.framework */ = {isa = PBXFileReference; lastKnownFileType = wrapper.framework; name = ScreenCaptureKit.framework; path = System/Library/Frameworks/ScreenCaptureKit.framework; sourceTree = SDKROOT; };
		8BA7F61C63084BB18FEE0123 /* CoreVideo.framework */ = {isa = PBXFileReference; lastKnownFileType = wrapper.framework; name = CoreVideo.framework; path = System/Library/Frameworks/CoreVideo.framework; sourceTree = SDKROOT; };
		B1B35FBB24464775A7C8F2D6 /* CoreMedia.framework */ = {isa = PBXFileReference; lastKnownFileType = wrapper.framework; name = CoreMedia.framework; path = System/Library/Frameworks/CoreMedia.framework; sourceTree = SDKROOT; };
		67B9D9A5541F425BB2C8058B /* Metal.framework */ = {isa = PBXFileReference; lastKnownFileType = wrapper.framework; name = Metal.framework; path = System/Library/Frameworks/Metal.framework; sourceTree = SDKROOT; };
/* End PBXFileReference section */

/* Begin PBXFrameworksBuildPhase section */
		25C10F9C3FCC4DDF86E54AEF /* Frameworks */ = {
			isa = PBXFrameworksBuildPhase;
			buildActionMask = 2147483647;
			files = (
				224DB5C4950C443393142251 /* ScreenCaptureKit.framework in Frameworks */,
				22C60DA4868D453893897A16 /* CoreVideo.framework in Frameworks */,
				B5A0F1E0A9F6468E975BE8E6 /* CoreMedia.framework in Frameworks */,
				F9DF0D1E5FC64416B66C2935 /* Metal.framework in Frameworks */,
			);
			runOnlyForDeploymentPostprocessing = 0;
		};
/* End PBXFrameworksBuildPhase section */

/* Begin PBXGroup section */
		C3D4E5F6A7B8C9D0E1F2A3B4 /* Capture */ = {
			isa = PBXGroup;
			children = (
				B2C3D4E5F6A7B8C9D0E1F2A3 /* TexturePool.swift */,
				E5F6A7B8C9D0E1F2A3B4C5D6 /* CaptureManager.swift */,
				C2D3E4F5A6B7C8D9E0F1A2B3 /* WindowPicker.swift */,
			);
			path = Capture;
			sourceTree = "<group>";
		};
		DC1C318FC90345F38DEA647D /* SixDOF */ = {
			isa = PBXGroup;
			children = (
				62AB35B9E3654C108EB9F9A4 /* main.swift */,
				0033485A689B43BEAD3F0DCB /* AppDelegate.swift */,
				F5E59AB5CD814A3CAE15A4DF /* Info.plist */,
				C3D4E5F6A7B8C9D0E1F2A3B4 /* Capture */,
				C7E1A2B3D4054F8AA5C6D7E8 /* Permissions */,
			);
			path = SixDOF;
			sourceTree = "<group>";
		};
		C7E1A2B3D4054F8AA5C6D7E8 /* Permissions */ = {
			isa = PBXGroup;
			children = (
				B2D4F6A8C1034E7993E2F5B0 /* PermissionGateway.swift */,
			);
			path = Permissions;
			sourceTree = "<group>";
		};
		839DF4F8A1294953BCF6E0C7 /* Frameworks */ = {
			isa = PBXGroup;
			children = (
				E9238B5ED5D74689B7689E94 /* ScreenCaptureKit.framework */,
				8BA7F61C63084BB18FEE0123 /* CoreVideo.framework */,
				B1B35FBB24464775A7C8F2D6 /* CoreMedia.framework */,
				67B9D9A5541F425BB2C8058B /* Metal.framework */,
			);
			name = Frameworks;
			sourceTree = "<group>";
		};
		619886F071CE4DF0B28DDE94 /* Products */ = {
			isa = PBXGroup;
			children = (
				96F2C37A3BBC4B8797F5E1A7 /* SixDOF.app */,
			);
			name = Products;
			sourceTree = "<group>";
		};
		754388597FF94835875C8BCA /* MainGroup */ = {
			isa = PBXGroup;
			children = (
				DC1C318FC90345F38DEA647D /* SixDOF */,
				839DF4F8A1294953BCF6E0C7 /* Frameworks */,
				619886F071CE4DF0B28DDE94 /* Products */,
			);
			sourceTree = "<group>";
		};
/* End PBXGroup section */

/* Begin PBXNativeTarget section */
		E0015B21E0BD462CA42A325F /* SixDOF */ = {
			isa = PBXNativeTarget;
			buildConfigurationList = C8BDC8F81DE04D1481F18091 /* Build configuration list for PBXNativeTarget "SixDOF" */;
			buildPhases = (
				16A5BE4C4CC44B8F8D7F480B /* Sources */,
				25C10F9C3FCC4DDF86E54AEF /* Frameworks */,
				A783DB62FA084203AB567D35 /* Resources */,
			);
			buildRules = (
			);
			dependencies = (
			);
			name = SixDOF;
			productName = SixDOF;
			productReference = 96F2C37A3BBC4B8797F5E1A7 /* SixDOF.app */;
			productType = "com.apple.product-type.application";
		};
/* End PBXNativeTarget section */

/* Begin PBXProject section */
		D6DF80921ACD42B397A451A4 /* Project object */ = {
			isa = PBXProject;
			attributes = {
				BuildIndependentTargetsInParallel = 1;
				LastSwiftUpdateCheck = 1600;
				LastUpgradeCheck = 1600;
				TargetAttributes = {
					E0015B21E0BD462CA42A325F = {
						CreatedOnToolsVersion = 16.0;
					};
				};
			};
			buildConfigurationList = 9387A4F317BB40CDAC360C54 /* Build configuration list for PBXProject "SixDOF" */;
			compatibilityVersion = "Xcode 14.0";
			developmentRegion = en;
			hasScannedForEncodings = 0;
			knownRegions = (
				en,
				Base,
			);
			mainGroup = 754388597FF94835875C8BCA /* MainGroup */;
			productRefGroup = 619886F071CE4DF0B28DDE94 /* Products */;
			projectDirPath = "";
			projectRoot = "";
			targets = (
				E0015B21E0BD462CA42A325F /* SixDOF */,
			);
		};
/* End PBXProject section */

/* Begin PBXResourcesBuildPhase section */
		A783DB62FA084203AB567D35 /* Resources */ = {
			isa = PBXResourcesBuildPhase;
			buildActionMask = 2147483647;
			files = (
			);
			runOnlyForDeploymentPostprocessing = 0;
		};
/* End PBXResourcesBuildPhase section */

/* Begin PBXSourcesBuildPhase section */
		16A5BE4C4CC44B8F8D7F480B /* Sources */ = {
			isa = PBXSourcesBuildPhase;
			buildActionMask = 2147483647;
			files = (
				605DCC53358E44AE93209AEF /* main.swift in Sources */,
				941BF80D3C9D4A2985E442B3 /* AppDelegate.swift in Sources */,
				A1B2C3D4E5F6A7B8C9D0E1F2 /* TexturePool.swift in Sources */,
				D4E5F6A7B8C9D0E1F2A3B4C5 /* CaptureManager.swift in Sources */,
				A1C3D5E7F0924B6882D1E3A9 /* PermissionGateway.swift in Sources */,
				F1A2B3C4D5E6F7A8B9C0D1E2 /* WindowPicker.swift in Sources */,
			);
			runOnlyForDeploymentPostprocessing = 0;
		};
/* End PBXSourcesBuildPhase section */

/* Begin XCBuildConfiguration section */
		0B1089440A2D494E942E37C3 /* Debug */ = {
			isa = XCBuildConfiguration;
			buildSettings = {
				ALWAYS_SEARCH_USER_PATHS = NO;
				ASSETCATALOG_COMPILER_GENERATE_SWIFT_ASSET_SYMBOL_EXTENSIONS = YES;
				CLANG_ANALYZER_NONNULL = YES;
				CLANG_ANALYZER_NUMBER_OBJECT_CONVERSION = YES_AGGRESSIVE;
				CLANG_CXX_LANGUAGE_STANDARD = "gnu++20";
				CLANG_ENABLE_MODULES = YES;
				CLANG_ENABLE_OBJC_ARC = YES;
				CLANG_ENABLE_OBJC_WEAK = YES;
				CLANG_WARN_BLOCK_CAPTURE_AUTORELEASING = YES;
				CLANG_WARN_BOOL_CONVERSION = YES;
				CLANG_WARN_COMMA = YES;
				CLANG_WARN_CONSTANT_CONVERSION = YES;
				CLANG_WARN_DEPRECATED_OBJC_IMPLEMENTATIONS = YES;
				CLANG_WARN_DIRECT_OBJC_ISA_USAGE = YES_ERROR;
				CLANG_WARN_DOCUMENTATION_COMMENTS = YES;
				CLANG_WARN_EMPTY_BODY = YES;
				CLANG_WARN_ENUM_CONVERSION = YES;
				CLANG_WARN_INFINITE_RECURSION = YES;
				CLANG_WARN_INT_CONVERSION = YES;
				CLANG_WARN_NON_LITERAL_NULL_CONVERSION = YES;
				CLANG_WARN_OBJC_IMPLICIT_RETAIN_SELF = YES;
				CLANG_WARN_OBJC_LITERAL_CONVERSION = YES;
				CLANG_WARN_OBJC_ROOT_CLASS = YES_ERROR;
				CLANG_WARN_QUOTED_INCLUDE_IN_FRAMEWORK_HEADER = YES;
				CLANG_WARN_RANGE_LOOP_ANALYSIS = YES;
				CLANG_WARN_STRICT_PROTOTYPES = YES;
				CLANG_WARN_SUSPICIOUS_MOVE = YES;
				CLANG_WARN_UNGUARDED_AVAILABILITY = YES_AGGRESSIVE;
				CLANG_WARN_UNREACHABLE_CODE = YES;
				CLANG_WARN__DUPLICATE_METHOD_MATCH = YES;
				COPY_PHASE_STRIP = NO;
				DEBUG_INFORMATION_FORMAT = dwarf;
				ENABLE_STRICT_OBJC_MSGSEND = YES;
				ENABLE_TESTABILITY = YES;
				ENABLE_USER_SCRIPT_SANDBOXING = YES;
				GCC_C_LANGUAGE_STANDARD = gnu17;
				GCC_DYNAMIC_NO_PIC = NO;
				GCC_NO_COMMON_BLOCKS = YES;
				GCC_OPTIMIZATION_LEVEL = 0;
				GCC_PREPROCESSOR_DEFINITIONS = (
					"DEBUG=1",
					"$(inherited)",
				);
				GCC_WARN_64_TO_32_BIT_CONVERSION = YES;
				GCC_WARN_ABOUT_RETURN_TYPE = YES_ERROR;
				GCC_WARN_UNDECLARED_SELECTOR = YES;
				GCC_WARN_UNINITIALIZED_AUTOS = YES_AGGRESSIVE;
				GCC_WARN_UNUSED_FUNCTION = YES;
				GCC_WARN_UNUSED_VARIABLE = YES;
				MACOSX_DEPLOYMENT_TARGET = 13.0;
				MTL_ENABLE_DEBUG_INFO = INCLUDE_SOURCE;
				MTL_FAST_MATH = YES;
				ONLY_ACTIVE_ARCH = YES;
				SDKROOT = macosx;
				SWIFT_ACTIVE_COMPILATION_CONDITIONS = "DEBUG $(inherited)";
				SWIFT_OPTIMIZATION_LEVEL = "-Onone";
			};
			name = Debug;
		};
		8665B259F9A6440D8352DE79 /* Release */ = {
			isa = XCBuildConfiguration;
			buildSettings = {
				ALWAYS_SEARCH_USER_PATHS = NO;
				ASSETCATALOG_COMPILER_GENERATE_SWIFT_ASSET_SYMBOL_EXTENSIONS = YES;
				CLANG_ANALYZER_NONNULL = YES;
				CLANG_ANALYZER_NUMBER_OBJECT_CONVERSION = YES_AGGRESSIVE;
				CLANG_CXX_LANGUAGE_STANDARD = "gnu++20";
				CLANG_ENABLE_MODULES = YES;
				CLANG_ENABLE_OBJC_ARC = YES;
				CLANG_ENABLE_OBJC_WEAK = YES;
				CLANG_WARN_BLOCK_CAPTURE_AUTORELEASING = YES;
				CLANG_WARN_BOOL_CONVERSION = YES;
				CLANG_WARN_COMMA = YES;
				CLANG_WARN_CONSTANT_CONVERSION = YES;
				CLANG_WARN_DEPRECATED_OBJC_IMPLEMENTATIONS = YES;
				CLANG_WARN_DIRECT_OBJC_ISA_USAGE = YES_ERROR;
				CLANG_WARN_DOCUMENTATION_COMMENTS = YES;
				CLANG_WARN_EMPTY_BODY = YES;
				CLANG_WARN_ENUM_CONVERSION = YES;
				CLANG_WARN_INFINITE_RECURSION = YES;
				CLANG_WARN_INT_CONVERSION = YES;
				CLANG_WARN_NON_LITERAL_NULL_CONVERSION = YES;
				CLANG_WARN_OBJC_IMPLICIT_RETAIN_SELF = YES;
				CLANG_WARN_OBJC_LITERAL_CONVERSION = YES;
				CLANG_WARN_OBJC_ROOT_CLASS = YES_ERROR;
				CLANG_WARN_QUOTED_INCLUDE_IN_FRAMEWORK_HEADER = YES;
				CLANG_WARN_RANGE_LOOP_ANALYSIS = YES;
				CLANG_WARN_STRICT_PROTOTYPES = YES;
				CLANG_WARN_SUSPICIOUS_MOVE = YES;
				CLANG_WARN_UNGUARDED_AVAILABILITY = YES_AGGRESSIVE;
				CLANG_WARN_UNREACHABLE_CODE = YES;
				CLANG_WARN__DUPLICATE_METHOD_MATCH = YES;
				COPY_PHASE_STRIP = NO;
				DEBUG_INFORMATION_FORMAT = "dwarf-with-dsym";
				ENABLE_NS_ASSERTIONS = NO;
				ENABLE_STRICT_OBJC_MSGSEND = YES;
				ENABLE_USER_SCRIPT_SANDBOXING = YES;
				GCC_C_LANGUAGE_STANDARD = gnu17;
				GCC_NO_COMMON_BLOCKS = YES;
				GCC_WARN_64_TO_32_BIT_CONVERSION = YES;
				GCC_WARN_ABOUT_RETURN_TYPE = YES_ERROR;
				GCC_WARN_UNDECLARED_SELECTOR = YES;
				GCC_WARN_UNINITIALIZED_AUTOS = YES_AGGRESSIVE;
				GCC_WARN_UNUSED_FUNCTION = YES;
				GCC_WARN_UNUSED_VARIABLE = YES;
				MACOSX_DEPLOYMENT_TARGET = 13.0;
				MTL_FAST_MATH = YES;
				SDKROOT = macosx;
				SWIFT_COMPILATION_MODE = wholemodule;
				SWIFT_OPTIMIZATION_LEVEL = "-O";
			};
			name = Release;
		};
		D2E10AF8FBFE44D9A9346335 /* Debug */ = {
			isa = XCBuildConfiguration;
			buildSettings = {
				CODE_SIGN_STYLE = Automatic;
				DEVELOPMENT_TEAM = "";
				INFOPLIST_FILE = SixDOF/Info.plist;
				LD_RUNPATH_SEARCH_PATHS = (
					"$(inherited)",
					"@executable_path/../Frameworks",
				);
				MACOSX_DEPLOYMENT_TARGET = 13.0;
				PRODUCT_BUNDLE_IDENTIFIER = com.app.sixdof;
				PRODUCT_NAME = "$(TARGET_NAME)";
				SWIFT_STRICT_CONCURRENCY = minimal;
				SWIFT_VERSION = 5.9;
			};
			name = Debug;
		};
		5D0D8BB24F8947CCBAE9CC04 /* Release */ = {
			isa = XCBuildConfiguration;
			buildSettings = {
				CODE_SIGN_STYLE = Automatic;
				DEVELOPMENT_TEAM = "";
				INFOPLIST_FILE = SixDOF/Info.plist;
				LD_RUNPATH_SEARCH_PATHS = (
					"$(inherited)",
					"@executable_path/../Frameworks",
				);
				MACOSX_DEPLOYMENT_TARGET = 13.0;
				PRODUCT_BUNDLE_IDENTIFIER = com.app.sixdof;
				PRODUCT_NAME = "$(TARGET_NAME)";
				SWIFT_STRICT_CONCURRENCY = minimal;
				SWIFT_VERSION = 5.9;
			};
			name = Release;
		};
/* End XCBuildConfiguration section */

/* Begin XCConfigurationList section */
		9387A4F317BB40CDAC360C54 /* Build configuration list for PBXProject "SixDOF" */ = {
			isa = XCConfigurationList;
			buildConfigurations = (
				0B1089440A2D494E942E37C3 /* Debug */,
				8665B259F9A6440D8352DE79 /* Release */,
			);
			defaultConfigurationIsVisible = 0;
			defaultConfigurationName = Release;
		};
		C8BDC8F81DE04D1481F18091 /* Build configuration list for PBXNativeTarget "SixDOF" */ = {
			isa = XCConfigurationList;
			buildConfigurations = (
				D2E10AF8FBFE44D9A9346335 /* Debug */,
				5D0D8BB24F8947CCBAE9CC04 /* Release */,
			);
			defaultConfigurationIsVisible = 0;
			defaultConfigurationName = Release;
		};
/* End XCConfigurationList section */

	};
	rootObject = D6DF80921ACD42B397A451A4 /* Project object */;
}
